// !$*UTF8*$!
{
	archiveVersion = 1;
	classes = {
	};
	objectVersion = 46;
	objects = {

/* Begin PBXBuildFile section */
		7F8C19181BA7CE9600282C3F /* main.m in Sources */ = {isa = PBXBuildFile; fileRef = 7F8C19171BA7CE9600282C3F /* main.m */; };
		7F8C191B1BA7CE9600282C3F /* AppDelegate.m in Sources */ = {isa = PBXBuildFile; fileRef = 7F8C191A1BA7CE9600282C3F /* AppDelegate.m */; };
		7F8C191E1BA7CE9600282C3F /* ViewController.m in Sources */ = {isa = PBXBuildFile; fileRef = 7F8C191D1BA7CE9600282C3F /* ViewController.m */; };
		7F8C19211BA7CE9600282C3F /* Main.storyboard in Resources */ = {isa = PBXBuildFile; fileRef = 7F8C191F1BA7CE9600282C3F /* Main.storyboard */; };
		7F8C19231BA7CE9600282C3F /* Images.xcassets in Resources */ = {isa = PBXBuildFile; fileRef = 7F8C19221BA7CE9600282C3F /* Images.xcassets */; };
		7F8C19261BA7CE9600282C3F /* LaunchScreen.xib in Resources */ = {isa = PBXBuildFile; fileRef = 7F8C19241BA7CE9600282C3F /* LaunchScreen.xib */; };
		7F8C19321BA7CE9600282C3F /* MultiplyThinkingForSisterTests.m in Sources */ = {isa = PBXBuildFile; fileRef = 7F8C19311BA7CE9600282C3F /* MultiplyThinkingForSisterTests.m */; };
		7FD480951BAA292C0020DADC /* main.m in Sources */ = {isa = PBXBuildFile; fileRef = 7FD480941BAA292C0020DADC /* main.m */; };
		7FD480981BAA292C0020DADC /* AppDelegate.m in Sources */ = {isa = PBXBuildFile; fileRef = 7FD480971BAA292C0020DADC /* AppDelegate.m */; };
		7FD4809B1BAA292C0020DADC /* ViewController.m in Sources */ = {isa = PBXBuildFile; fileRef = 7FD4809A1BAA292C0020DADC /* ViewController.m */; };
		7FD4809E1BAA292C0020DADC /* Main.storyboard in Resources */ = {isa = PBXBuildFile; fileRef = 7FD4809C1BAA292C0020DADC /* Main.storyboard */; };
		7FD480A01BAA292C0020DADC /* Images.xcassets in Resources */ = {isa = PBXBuildFile; fileRef = 7FD4809F1BAA292C0020DADC /* Images.xcassets */; };
		7FD480A31BAA292C0020DADC /* LaunchScreen.xib in Resources */ = {isa = PBXBuildFile; fileRef = 7FD480A11BAA292C0020DADC /* LaunchScreen.xib */; };
		7FD480AF1BAA292C0020DADC /* KVO_NSNotification______Tests.m in Sources */ = {isa = PBXBuildFile; fileRef = 7FD480AE1BAA292C0020DADC /* KVO_NSNotification______Tests.m */; };
		7FD480B91BAA2DD30020DADC /* MQPerson.m in Sources */ = {isa = PBXBuildFile; fileRef = 7FD480B81BAA2DD30020DADC /* MQPerson.m */; };
		7FD480BC1BAA2E630020DADC /* MQBank.m in Sources */ = {isa = PBXBuildFile; fileRef = 7FD480BB1BAA2E630020DADC /* MQBank.m */; };
		7FD909231BB0192500E2DC77 /* main.m in Sources */ = {isa = PBXBuildFile; fileRef = 7FD909221BB0192500E2DC77 /* main.m */; };
		7FD909261BB0192500E2DC77 /* AppDelegate.m in Sources */ = {isa = PBXBuildFile; fileRef = 7FD909251BB0192500E2DC77 /* AppDelegate.m */; };
		7FD909291BB0192500E2DC77 /* ViewController.m in Sources */ = {isa = PBXBuildFile; fileRef = 7FD909281BB0192500E2DC77 /* ViewController.m */; };
		7FD9092C1BB0192500E2DC77 /* Main.storyboard in Resources */ = {isa = PBXBuildFile; fileRef = 7FD9092A1BB0192500E2DC77 /* Main.storyboard */; };
		7FD9092E1BB0192500E2DC77 /* Assets.xcassets in Resources */ = {isa = PBXBuildFile; fileRef = 7FD9092D1BB0192500E2DC77 /* Assets.xcassets */; };
		7FD909311BB0192500E2DC77 /* LaunchScreen.storyboard in Resources */ = {isa = PBXBuildFile; fileRef = 7FD9092F1BB0192500E2DC77 /* LaunchScreen.storyboard */; };
/* End PBXBuildFile section */

/* Begin PBXContainerItemProxy section */
		7F8C192C1BA7CE9600282C3F /* PBXContainerItemProxy */ = {
			isa = PBXContainerItemProxy;
			containerPortal = 7F8C190A1BA7CE9600282C3F /* Project object */;
			proxyType = 1;
			remoteGlobalIDString = 7F8C19111BA7CE9600282C3F;
			remoteInfo = MultiplyThinkingForSister;
		};
		7FD480A91BAA292C0020DADC /* PBXContainerItemProxy */ = {
			isa = PBXContainerItemProxy;
			containerPortal = 7F8C190A1BA7CE9600282C3F /* Project object */;
			proxyType = 1;
			remoteGlobalIDString = 7FD4808F1BAA292C0020DADC;
			remoteInfo = "KVO和NSNotification的区别与联系";
		};
/* End PBXContainerItemProxy section */

/* Begin PBXFileReference section */
		7F8C19121BA7CE9600282C3F /* MultiplyThinkingForSister.app */ = {isa = PBXFileReference; explicitFileType = wrapper.application; includeInIndex = 0; path = MultiplyThinkingForSister.app; sourceTree = BUILT_PRODUCTS_DIR; };
		7F8C19161BA7CE9600282C3F /* Info.plist */ = {isa = PBXFileReference; lastKnownFileType = text.plist.xml; path = Info.plist; sourceTree = "<group>"; };
		7F8C19171BA7CE9600282C3F /* main.m */ = {isa = PBXFileReference; lastKnownFileType = sourcecode.c.objc; path = main.m; sourceTree = "<group>"; };
		7F8C19191BA7CE9600282C3F /* AppDelegate.h */ = {isa = PBXFileReference; lastKnownFileType = sourcecode.c.h; path = AppDelegate.h; sourceTree = "<group>"; };
		7F8C191A1BA7CE9600282C3F /* AppDelegate.m */ = {isa = PBXFileReference; lastKnownFileType = sourcecode.c.objc; path = AppDelegate.m; sourceTree = "<group>"; };
		7F8C191C1BA7CE9600282C3F /* ViewController.h */ = {isa = PBXFileReference; lastKnownFileType = sourcecode.c.h; path = ViewController.h; sourceTree = "<group>"; };
		7F8C191D1BA7CE9600282C3F /* ViewController.m */ = {isa = PBXFileReference; lastKnownFileType = sourcecode.c.objc; path = ViewController.m; sourceTree = "<group>"; };
		7F8C19201BA7CE9600282C3F /* Base */ = {isa = PBXFileReference; lastKnownFileType = file.storyboard; name = Base; path = Base.lproj/Main.storyboard; sourceTree = "<group>"; };
		7F8C19221BA7CE9600282C3F /* Images.xcassets */ = {isa = PBXFileReference; lastKnownFileType = folder.assetcatalog; path = Images.xcassets; sourceTree = "<group>"; };
		7F8C19251BA7CE9600282C3F /* Base */ = {isa = PBXFileReference; lastKnownFileType = file.xib; name = Base; path = Base.lproj/LaunchScreen.xib; sourceTree = "<group>"; };
		7F8C192B1BA7CE9600282C3F /* MultiplyThinkingForSisterTests.xctest */ = {isa = PBXFileReference; explicitFileType = wrapper.cfbundle; includeInIndex = 0; path = MultiplyThinkingForSisterTests.xctest; sourceTree = BUILT_PRODUCTS_DIR; };
		7F8C19301BA7CE9600282C3F /* Info.plist */ = {isa = PBXFileReference; lastKnownFileType = text.plist.xml; path = Info.plist; sourceTree = "<group>"; };
		7F8C19311BA7CE9600282C3F /* MultiplyThinkingForSisterTests.m */ = {isa = PBXFileReference; lastKnownFileType = sourcecode.c.objc; path = MultiplyThinkingForSisterTests.m; sourceTree = "<group>"; };
		7FD480901BAA292C0020DADC /* KVO和NSNotification的区别与联系.app */ = {isa = PBXFileReference; explicitFileType = wrapper.application; includeInIndex = 0; path = "KVO和NSNotification的区别与联系.app"; sourceTree = BUILT_PRODUCTS_DIR; };
		7FD480931BAA292C0020DADC /* Info.plist */ = {isa = PBXFileReference; lastKnownFileType = text.plist.xml; path = Info.plist; sourceTree = "<group>"; };
		7FD480941BAA292C0020DADC /* main.m */ = {isa = PBXFileReference; lastKnownFileType = sourcecode.c.objc; path = main.m; sourceTree = "<group>"; };
		7FD480961BAA292C0020DADC /* AppDelegate.h */ = {isa = PBXFileReference; lastKnownFileType = sourcecode.c.h; path = AppDelegate.h; sourceTree = "<group>"; };
		7FD480971BAA292C0020DADC /* AppDelegate.m */ = {isa = PBXFileReference; lastKnownFileType = sourcecode.c.objc; path = AppDelegate.m; sourceTree = "<group>"; };
		7FD480991BAA292C0020DADC /* ViewController.h */ = {isa = PBXFileReference; lastKnownFileType = sourcecode.c.h; path = ViewController.h; sourceTree = "<group>"; };
		7FD4809A1BAA292C0020DADC /* ViewController.m */ = {isa = PBXFileReference; lastKnownFileType = sourcecode.c.objc; path = ViewController.m; sourceTree = "<group>"; };
		7FD4809D1BAA292C0020DADC /* Base */ = {isa = PBXFileReference; lastKnownFileType = file.storyboard; name = Base; path = Base.lproj/Main.storyboard; sourceTree = "<group>"; };
		7FD4809F1BAA292C0020DADC /* Images.xcassets */ = {isa = PBXFileReference; lastKnownFileType = folder.assetcatalog; path = Images.xcassets; sourceTree = "<group>"; };
		7FD480A21BAA292C0020DADC /* Base */ = {isa = PBXFileReference; lastKnownFileType = file.xib; name = Base; path = Base.lproj/LaunchScreen.xib; sourceTree = "<group>"; };
		7FD480A81BAA292C0020DADC /* KVO和NSNotification的区别与联系Tests.xctest */ = {isa = PBXFileReference; explicitFileType = wrapper.cfbundle; includeInIndex = 0; path = "KVO和NSNotification的区别与联系Tests.xctest"; sourceTree = BUILT_PRODUCTS_DIR; };
		7FD480AD1BAA292C0020DADC /* Info.plist */ = {isa = PBXFileReference; lastKnownFileType = text.plist.xml; path = Info.plist; sourceTree = "<group>"; };
		7FD480AE1BAA292C0020DADC /* KVO_NSNotification______Tests.m */ = {isa = PBXFileReference; lastKnownFileType = sourcecode.c.objc; path = "KVO_NSNotification______Tests.m"; sourceTree = "<group>"; };
		7FD480B71BAA2DD30020DADC /* MQPerson.h */ = {isa = PBXFileReference; fileEncoding = 4; lastKnownFileType = sourcecode.c.h; path = MQPerson.h; sourceTree = "<group>"; };
		7FD480B81BAA2DD30020DADC /* MQPerson.m */ = {isa = PBXFileReference; fileEncoding = 4; lastKnownFileType = sourcecode.c.objc; path = MQPerson.m; sourceTree = "<group>"; };
		7FD480BA1BAA2E630020DADC /* MQBank.h */ = {isa = PBXFileReference; fileEncoding = 4; lastKnownFileType = sourcecode.c.h; path = MQBank.h; sourceTree = "<group>"; };
		7FD480BB1BAA2E630020DADC /* MQBank.m */ = {isa = PBXFileReference; fileEncoding = 4; lastKnownFileType = sourcecode.c.objc; path = MQBank.m; sourceTree = "<group>"; };
		7FD9091F1BB0192500E2DC77 /* 面试题_interviewExaming.app */ = {isa = PBXFileReference; explicitFileType = wrapper.application; includeInIndex = 0; path = "面试题_interviewExaming.app"; sourceTree = BUILT_PRODUCTS_DIR; };
		7FD909221BB0192500E2DC77 /* main.m */ = {isa = PBXFileReference; lastKnownFileType = sourcecode.c.objc; path = main.m; sourceTree = "<group>"; };
		7FD909241BB0192500E2DC77 /* AppDelegate.h */ = {isa = PBXFileReference; lastKnownFileType = sourcecode.c.h; path = AppDelegate.h; sourceTree = "<group>"; };
		7FD909251BB0192500E2DC77 /* AppDelegate.m */ = {isa = PBXFileReference; lastKnownFileType = sourcecode.c.objc; path = AppDelegate.m; sourceTree = "<group>"; };
		7FD909271BB0192500E2DC77 /* ViewController.h */ = {isa = PBXFileReference; lastKnownFileType = sourcecode.c.h; path = ViewController.h; sourceTree = "<group>"; };
		7FD909281BB0192500E2DC77 /* ViewController.m */ = {isa = PBXFileReference; lastKnownFileType = sourcecode.c.objc; path = ViewController.m; sourceTree = "<group>"; };
		7FD9092B1BB0192500E2DC77 /* Base */ = {isa = PBXFileReference; lastKnownFileType = file.storyboard; name = Base; path = Base.lproj/Main.storyboard; sourceTree = "<group>"; };
		7FD9092D1BB0192500E2DC77 /* Assets.xcassets */ = {isa = PBXFileReference; lastKnownFileType = folder.assetcatalog; path = Assets.xcassets; sourceTree = "<group>"; };
		7FD909301BB0192500E2DC77 /* Base */ = {isa = PBXFileReference; lastKnownFileType = file.storyboard; name = Base; path = Base.lproj/LaunchScreen.storyboard; sourceTree = "<group>"; };
		7FD909321BB0192500E2DC77 /* Info.plist */ = {isa = PBXFileReference; lastKnownFileType = text.plist.xml; path = Info.plist; sourceTree = "<group>"; };
/* End PBXFileReference section */

/* Begin PBXFrameworksBuildPhase section */
		7F8C190F1BA7CE9600282C3F /* Frameworks */ = {
			isa = PBXFrameworksBuildPhase;
			buildActionMask = 2147483647;
			files = (
			);
			runOnlyForDeploymentPostprocessing = 0;
		};
		7F8C19281BA7CE9600282C3F /* Frameworks */ = {
			isa = PBXFrameworksBuildPhase;
			buildActionMask = 2147483647;
			files = (
			);
			runOnlyForDeploymentPostprocessing = 0;
		};
		7FD4808D1BAA292C0020DADC /* Frameworks */ = {
			isa = PBXFrameworksBuildPhase;
			buildActionMask = 2147483647;
			files = (
			);
			runOnlyForDeploymentPostprocessing = 0;
		};
		7FD480A51BAA292C0020DADC /* Frameworks */ = {
			isa = PBXFrameworksBuildPhase;
			buildActionMask = 2147483647;
			files = (
			);
			runOnlyForDeploymentPostprocessing = 0;
		};
		7FD9091C1BB0192500E2DC77 /* Frameworks */ = {
			isa = PBXFrameworksBuildPhase;
			buildActionMask = 2147483647;
			files = (
			);
			runOnlyForDeploymentPostprocessing = 0;
		};
/* End PBXFrameworksBuildPhase section */

/* Begin PBXGroup section */
		7F8C19091BA7CE9600282C3F = {
			isa = PBXGroup;
			children = (
				7F8C19141BA7CE9600282C3F /* MultiplyThinkingForSister */,
				7F8C192E1BA7CE9600282C3F /* MultiplyThinkingForSisterTests */,
				7FD480911BAA292C0020DADC /* KVO和NSNotification的区别与联系 */,
				7FD480AB1BAA292C0020DADC /* KVO和NSNotification的区别与联系Tests */,
				7FD909201BB0192500E2DC77 /* 面试题_interviewExaming */,
				7F8C19131BA7CE9600282C3F /* Products */,
			);
			sourceTree = "<group>";
		};
		7F8C19131BA7CE9600282C3F /* Products */ = {
			isa = PBXGroup;
			children = (
				7F8C19121BA7CE9600282C3F /* MultiplyThinkingForSister.app */,
				7F8C192B1BA7CE9600282C3F /* MultiplyThinkingForSisterTests.xctest */,
				7FD480901BAA292C0020DADC /* KVO和NSNotification的区别与联系.app */,
				7FD480A81BAA292C0020DADC /* KVO和NSNotification的区别与联系Tests.xctest */,
				7FD9091F1BB0192500E2DC77 /* 面试题_interviewExaming.app */,
			);
			name = Products;
			sourceTree = "<group>";
		};
		7F8C19141BA7CE9600282C3F /* MultiplyThinkingForSister */ = {
			isa = PBXGroup;
			children = (
				7F8C193B1BA7CECF00282C3F /* Class */,
				7F8C19191BA7CE9600282C3F /* AppDelegate.h */,
				7F8C191A1BA7CE9600282C3F /* AppDelegate.m */,
				7F8C191C1BA7CE9600282C3F /* ViewController.h */,
				7F8C191D1BA7CE9600282C3F /* ViewController.m */,
				7F8C191F1BA7CE9600282C3F /* Main.storyboard */,
				7F8C19221BA7CE9600282C3F /* Images.xcassets */,
				7F8C19241BA7CE9600282C3F /* LaunchScreen.xib */,
				7F8C19151BA7CE9600282C3F /* Supporting Files */,
			);
			path = MultiplyThinkingForSister;
			sourceTree = "<group>";
		};
		7F8C19151BA7CE9600282C3F /* Supporting Files */ = {
			isa = PBXGroup;
			children = (
				7F8C19161BA7CE9600282C3F /* Info.plist */,
				7F8C19171BA7CE9600282C3F /* main.m */,
			);
			name = "Supporting Files";
			sourceTree = "<group>";
		};
		7F8C192E1BA7CE9600282C3F /* MultiplyThinkingForSisterTests */ = {
			isa = PBXGroup;
			children = (
				7F8C19311BA7CE9600282C3F /* MultiplyThinkingForSisterTests.m */,
				7F8C192F1BA7CE9600282C3F /* Supporting Files */,
			);
			path = MultiplyThinkingForSisterTests;
			sourceTree = "<group>";
		};
		7F8C192F1BA7CE9600282C3F /* Supporting Files */ = {
			isa = PBXGroup;
			children = (
				7F8C19301BA7CE9600282C3F /* Info.plist */,
			);
			name = "Supporting Files";
			sourceTree = "<group>";
		};
		7F8C193B1BA7CECF00282C3F /* Class */ = {
			isa = PBXGroup;
			children = (
				7FD480881BAA28990020DADC /* Other */,
				7F8C193C1BA7CECF00282C3F /* Main */,
			);
			path = Class;
			sourceTree = "<group>";
		};
		7F8C193C1BA7CECF00282C3F /* Main */ = {
			isa = PBXGroup;
			children = (
				7F8C193D1BA7CECF00282C3F /* Controller */,
				7F8C193E1BA7CECF00282C3F /* Model */,
				7F8C193F1BA7CECF00282C3F /* View */,
			);
			path = Main;
			sourceTree = "<group>";
		};
		7F8C193D1BA7CECF00282C3F /* Controller */ = {
			isa = PBXGroup;
			children = (
			);
			path = Controller;
			sourceTree = "<group>";
		};
		7F8C193E1BA7CECF00282C3F /* Model */ = {
			isa = PBXGroup;
			children = (
			);
			path = Model;
			sourceTree = "<group>";
		};
		7F8C193F1BA7CECF00282C3F /* View */ = {
			isa = PBXGroup;
			children = (
			);
			path = View;
			sourceTree = "<group>";
		};
		7FD480881BAA28990020DADC /* Other */ = {
			isa = PBXGroup;
			children = (
				7FD4808B1BAA28B40020DADC /* Controller */,
				7FD4808A1BAA28B00020DADC /* Model */,
				7FD480891BAA28AC0020DADC /* View */,
			);
			name = Other;
			sourceTree = "<group>";
		};
		7FD480891BAA28AC0020DADC /* View */ = {
			isa = PBXGroup;
			children = (
			);
			name = View;
			sourceTree = "<group>";
		};
		7FD4808A1BAA28B00020DADC /* Model */ = {
			isa = PBXGroup;
			children = (
			);
			name = Model;
			sourceTree = "<group>";
		};
		7FD4808B1BAA28B40020DADC /* Controller */ = {
			isa = PBXGroup;
			children = (
			);
			name = Controller;
			sourceTree = "<group>";
		};
		7FD480911BAA292C0020DADC /* KVO和NSNotification的区别与联系 */ = {
			isa = PBXGroup;
			children = (
				7FD480B61BAA2D9F0020DADC /* Class */,
				7FD480961BAA292C0020DADC /* AppDelegate.h */,
				7FD480971BAA292C0020DADC /* AppDelegate.m */,
				7FD4809C1BAA292C0020DADC /* Main.storyboard */,
				7FD4809F1BAA292C0020DADC /* Images.xcassets */,
				7FD480A11BAA292C0020DADC /* LaunchScreen.xib */,
				7FD480921BAA292C0020DADC /* Supporting Files */,
			);
			path = "KVO和NSNotification的区别与联系";
			sourceTree = "<group>";
		};
		7FD480921BAA292C0020DADC /* Supporting Files */ = {
			isa = PBXGroup;
			children = (
				7FD480931BAA292C0020DADC /* Info.plist */,
				7FD480941BAA292C0020DADC /* main.m */,
			);
			name = "Supporting Files";
			sourceTree = "<group>";
		};
		7FD480AB1BAA292C0020DADC /* KVO和NSNotification的区别与联系Tests */ = {
			isa = PBXGroup;
			children = (
				7FD480AE1BAA292C0020DADC /* KVO_NSNotification______Tests.m */,
				7FD480AC1BAA292C0020DADC /* Supporting Files */,
			);
			path = "KVO和NSNotification的区别与联系Tests";
			sourceTree = "<group>";
		};
		7FD480AC1BAA292C0020DADC /* Supporting Files */ = {
			isa = PBXGroup;
			children = (
				7FD480AD1BAA292C0020DADC /* Info.plist */,
			);
			name = "Supporting Files";
			sourceTree = "<group>";
		};
		7FD480B61BAA2D9F0020DADC /* Class */ = {
			isa = PBXGroup;
			children = (
				7FD480991BAA292C0020DADC /* ViewController.h */,
				7FD4809A1BAA292C0020DADC /* ViewController.m */,
				7FD480B71BAA2DD30020DADC /* MQPerson.h */,
				7FD480B81BAA2DD30020DADC /* MQPerson.m */,
				7FD480BA1BAA2E630020DADC /* MQBank.h */,
				7FD480BB1BAA2E630020DADC /* MQBank.m */,
			);
			name = Class;
			sourceTree = "<group>";
		};
		7FD909201BB0192500E2DC77 /* 面试题_interviewExaming */ = {
			isa = PBXGroup;
			children = (
				7FD909241BB0192500E2DC77 /* AppDelegate.h */,
				7FD909251BB0192500E2DC77 /* AppDelegate.m */,
				7FD909271BB0192500E2DC77 /* ViewController.h */,
				7FD909281BB0192500E2DC77 /* ViewController.m */,
				7FD9092A1BB0192500E2DC77 /* Main.storyboard */,
				7FD9092D1BB0192500E2DC77 /* Assets.xcassets */,
				7FD9092F1BB0192500E2DC77 /* LaunchScreen.storyboard */,
				7FD909321BB0192500E2DC77 /* Info.plist */,
				7FD909211BB0192500E2DC77 /* Supporting Files */,
			);
			path = "面试题_interviewExaming";
			sourceTree = "<group>";
		};
		7FD909211BB0192500E2DC77 /* Supporting Files */ = {
			isa = PBXGroup;
			children = (
				7FD909221BB0192500E2DC77 /* main.m */,
			);
			name = "Supporting Files";
			sourceTree = "<group>";
		};
/* End PBXGroup section */

/* Begin PBXNativeTarget section */
		7F8C19111BA7CE9600282C3F /* MultiplyThinkingForSister */ = {
			isa = PBXNativeTarget;
			buildConfigurationList = 7F8C19351BA7CE9600282C3F /* Build configuration list for PBXNativeTarget "MultiplyThinkingForSister" */;
			buildPhases = (
				7F8C190E1BA7CE9600282C3F /* Sources */,
				7F8C190F1BA7CE9600282C3F /* Frameworks */,
				7F8C19101BA7CE9600282C3F /* Resources */,
			);
			buildRules = (
			);
			dependencies = (
			);
			name = MultiplyThinkingForSister;
			productName = MultiplyThinkingForSister;
			productReference = 7F8C19121BA7CE9600282C3F /* MultiplyThinkingForSister.app */;
			productType = "com.apple.product-type.application";
		};
		7F8C192A1BA7CE9600282C3F /* MultiplyThinkingForSisterTests */ = {
			isa = PBXNativeTarget;
			buildConfigurationList = 7F8C19381BA7CE9600282C3F /* Build configuration list for PBXNativeTarget "MultiplyThinkingForSisterTests" */;
			buildPhases = (
				7F8C19271BA7CE9600282C3F /* Sources */,
				7F8C19281BA7CE9600282C3F /* Frameworks */,
				7F8C19291BA7CE9600282C3F /* Resources */,
			);
			buildRules = (
			);
			dependencies = (
				7F8C192D1BA7CE9600282C3F /* PBXTargetDependency */,
			);
			name = MultiplyThinkingForSisterTests;
			productName = MultiplyThinkingForSisterTests;
			productReference = 7F8C192B1BA7CE9600282C3F /* MultiplyThinkingForSisterTests.xctest */;
			productType = "com.apple.product-type.bundle.unit-test";
		};
		7FD4808F1BAA292C0020DADC /* KVO和NSNotification的区别与联系 */ = {
			isa = PBXNativeTarget;
			buildConfigurationList = 7FD480B01BAA292C0020DADC /* Build configuration list for PBXNativeTarget "KVO和NSNotification的区别与联系" */;
			buildPhases = (
				7FD4808C1BAA292C0020DADC /* Sources */,
				7FD4808D1BAA292C0020DADC /* Frameworks */,
				7FD4808E1BAA292C0020DADC /* Resources */,
			);
			buildRules = (
			);
			dependencies = (
			);
			name = "KVO和NSNotification的区别与联系";
			productName = "KVO和NSNotification的区别与联系";
			productReference = 7FD480901BAA292C0020DADC /* KVO和NSNotification的区别与联系.app */;
			productType = "com.apple.product-type.application";
		};
		7FD480A71BAA292C0020DADC /* KVO和NSNotification的区别与联系Tests */ = {
			isa = PBXNativeTarget;
			buildConfigurationList = 7FD480B31BAA292C0020DADC /* Build configuration list for PBXNativeTarget "KVO和NSNotification的区别与联系Tests" */;
			buildPhases = (
				7FD480A41BAA292C0020DADC /* Sources */,
				7FD480A51BAA292C0020DADC /* Frameworks */,
				7FD480A61BAA292C0020DADC /* Resources */,
			);
			buildRules = (
			);
			dependencies = (
				7FD480AA1BAA292C0020DADC /* PBXTargetDependency */,
			);
			name = "KVO和NSNotification的区别与联系Tests";
			productName = "KVO和NSNotification的区别与联系Tests";
			productReference = 7FD480A81BAA292C0020DADC /* KVO和NSNotification的区别与联系Tests.xctest */;
			productType = "com.apple.product-type.bundle.unit-test";
		};
		7FD9091E1BB0192500E2DC77 /* 面试题_interviewExaming */ = {
			isa = PBXNativeTarget;
			buildConfigurationList = 7FD909351BB0192500E2DC77 /* Build configuration list for PBXNativeTarget "面试题_interviewExaming" */;
			buildPhases = (
				7FD9091B1BB0192500E2DC77 /* Sources */,
				7FD9091C1BB0192500E2DC77 /* Frameworks */,
				7FD9091D1BB0192500E2DC77 /* Resources */,
			);
			buildRules = (
			);
			dependencies = (
			);
			name = "面试题_interviewExaming";
			productName = "面试题_interviewExaming";
			productReference = 7FD9091F1BB0192500E2DC77 /* 面试题_interviewExaming.app */;
			productType = "com.apple.product-type.application";
		};
/* End PBXNativeTarget section */

/* Begin PBXProject section */
		7F8C190A1BA7CE9600282C3F /* Project object */ = {
			isa = PBXProject;
			attributes = {
				CLASSPREFIX = MQ;
				LastUpgradeCheck = 0640;
				ORGANIZATIONNAME = baidu;
				TargetAttributes = {
					7F8C19111BA7CE9600282C3F = {
						CreatedOnToolsVersion = 6.4;
					};
					7F8C192A1BA7CE9600282C3F = {
						CreatedOnToolsVersion = 6.4;
						TestTargetID = 7F8C19111BA7CE9600282C3F;
					};
					7FD4808F1BAA292C0020DADC = {
						CreatedOnToolsVersion = 6.4;
					};
					7FD480A71BAA292C0020DADC = {
						CreatedOnToolsVersion = 6.4;
						TestTargetID = 7FD4808F1BAA292C0020DADC;
					};
					7FD9091E1BB0192500E2DC77 = {
						CreatedOnToolsVersion = 7.0;
					};
				};
			};
			buildConfigurationList = 7F8C190D1BA7CE9600282C3F /* Build configuration list for PBXProject "MultiplyThinkingForSister" */;
			compatibilityVersion = "Xcode 3.2";
			developmentRegion = English;
			hasScannedForEncodings = 0;
			knownRegions = (
				en,
				Base,
			);
			mainGroup = 7F8C19091BA7CE9600282C3F;
			productRefGroup = 7F8C19131BA7CE9600282C3F /* Products */;
			projectDirPath = "";
			projectRoot = "";
			targets = (
				7F8C19111BA7CE9600282C3F /* MultiplyThinkingForSister */,
				7F8C192A1BA7CE9600282C3F /* MultiplyThinkingForSisterTests */,
				7FD4808F1BAA292C0020DADC /* KVO和NSNotification的区别与联系 */,
				7FD480A71BAA292C0020DADC /* KVO和NSNotification的区别与联系Tests */,
				7FD9091E1BB0192500E2DC77 /* 面试题_interviewExaming */,
			);
		};
/* End PBXProject section */

/* Begin PBXResourcesBuildPhase section */
		7F8C19101BA7CE9600282C3F /* Resources */ = {
			isa = PBXResourcesBuildPhase;
			buildActionMask = 2147483647;
			files = (
				7F8C19211BA7CE9600282C3F /* Main.storyboard in Resources */,
				7F8C19261BA7CE9600282C3F /* LaunchScreen.xib in Resources */,
				7F8C19231BA7CE9600282C3F /* Images.xcassets in Resources */,
			);
			runOnlyForDeploymentPostprocessing = 0;
		};
		7F8C19291BA7CE9600282C3F /* Resources */ = {
			isa = PBXResourcesBuildPhase;
			buildActionMask = 2147483647;
			files = (
			);
			runOnlyForDeploymentPostprocessing = 0;
		};
		7FD4808E1BAA292C0020DADC /* Resources */ = {
			isa = PBXResourcesBuildPhase;
			buildActionMask = 2147483647;
			files = (
				7FD4809E1BAA292C0020DADC /* Main.storyboard in Resources */,
				7FD480A31BAA292C0020DADC /* LaunchScreen.xib in Resources */,
				7FD480A01BAA292C0020DADC /* Images.xcassets in Resources */,
			);
			runOnlyForDeploymentPostprocessing = 0;
		};
		7FD480A61BAA292C0020DADC /* Resources */ = {
			isa = PBXResourcesBuildPhase;
			buildActionMask = 2147483647;
			files = (
			);
			runOnlyForDeploymentPostprocessing = 0;
		};
		7FD9091D1BB0192500E2DC77 /* Resources */ = {
			isa = PBXResourcesBuildPhase;
			buildActionMask = 2147483647;
			files = (
				7FD909311BB0192500E2DC77 /* LaunchScreen.storyboard in Resources */,
				7FD9092E1BB0192500E2DC77 /* Assets.xcassets in Resources */,
				7FD9092C1BB0192500E2DC77 /* Main.storyboard in Resources */,
			);
			runOnlyForDeploymentPostprocessing = 0;
		};
/* End PBXResourcesBuildPhase section */

/* Begin PBXSourcesBuildPhase section */
		7F8C190E1BA7CE9600282C3F /* Sources */ = {
			isa = PBXSourcesBuildPhase;
			buildActionMask = 2147483647;
			files = (
				7F8C191E1BA7CE9600282C3F /* ViewController.m in Sources */,
				7F8C191B1BA7CE9600282C3F /* AppDelegate.m in Sources */,
				7F8C19181BA7CE9600282C3F /* main.m in Sources */,
			);
			runOnlyForDeploymentPostprocessing = 0;
		};
		7F8C19271BA7CE9600282C3F /* Sources */ = {
			isa = PBXSourcesBuildPhase;
			buildActionMask = 2147483647;
			files = (
				7F8C19321BA7CE9600282C3F /* MultiplyThinkingForSisterTests.m in Sources */,
			);
			runOnlyForDeploymentPostprocessing = 0;
		};
		7FD4808C1BAA292C0020DADC /* Sources */ = {
			isa = PBXSourcesBuildPhase;
			buildActionMask = 2147483647;
			files = (
				7FD4809B1BAA292C0020DADC /* ViewController.m in Sources */,
				7FD480981BAA292C0020DADC /* AppDelegate.m in Sources */,
				7FD480BC1BAA2E630020DADC /* MQBank.m in Sources */,
				7FD480B91BAA2DD30020DADC /* MQPerson.m in Sources */,
				7FD480951BAA292C0020DADC /* main.m in Sources */,
			);
			runOnlyForDeploymentPostprocessing = 0;
		};
		7FD480A41BAA292C0020DADC /* Sources */ = {
			isa = PBXSourcesBuildPhase;
			buildActionMask = 2147483647;
			files = (
				7FD480AF1BAA292C0020DADC /* KVO_NSNotification______Tests.m in Sources */,
			);
			runOnlyForDeploymentPostprocessing = 0;
		};
		7FD9091B1BB0192500E2DC77 /* Sources */ = {
			isa = PBXSourcesBuildPhase;
			buildActionMask = 2147483647;
			files = (
				7FD909291BB0192500E2DC77 /* ViewController.m in Sources */,
				7FD909261BB0192500E2DC77 /* AppDelegate.m in Sources */,
				7FD909231BB0192500E2DC77 /* main.m in Sources */,
			);
			runOnlyForDeploymentPostprocessing = 0;
		};
/* End PBXSourcesBuildPhase section */

/* Begin PBXTargetDependency section */
		7F8C192D1BA7CE9600282C3F /* PBXTargetDependency */ = {
			isa = PBXTargetDependency;
			target = 7F8C19111BA7CE9600282C3F /* MultiplyThinkingForSister */;
			targetProxy = 7F8C192C1BA7CE9600282C3F /* PBXContainerItemProxy */;
		};
		7FD480AA1BAA292C0020DADC /* PBXTargetDependency */ = {
			isa = PBXTargetDependency;
			target = 7FD4808F1BAA292C0020DADC /* KVO和NSNotification的区别与联系 */;
			targetProxy = 7FD480A91BAA292C0020DADC /* PBXContainerItemProxy */;
		};
/* End PBXTargetDependency section */

/* Begin PBXVariantGroup section */
		7F8C191F1BA7CE9600282C3F /* Main.storyboard */ = {
			isa = PBXVariantGroup;
			children = (
				7F8C19201BA7CE9600282C3F /* Base */,
			);
			name = Main.storyboard;
			sourceTree = "<group>";
		};
		7F8C19241BA7CE9600282C3F /* LaunchScreen.xib */ = {
			isa = PBXVariantGroup;
			children = (
				7F8C19251BA7CE9600282C3F /* Base */,
			);
			name = LaunchScreen.xib;
			sourceTree = "<group>";
		};
		7FD4809C1BAA292C0020DADC /* Main.storyboard */ = {
			isa = PBXVariantGroup;
			children = (
				7FD4809D1BAA292C0020DADC /* Base */,
			);
			name = Main.storyboard;
			sourceTree = "<group>";
		};
		7FD480A11BAA292C0020DADC /* LaunchScreen.xib */ = {
			isa = PBXVariantGroup;
			children = (
				7FD480A21BAA292C0020DADC /* Base */,
			);
			name = LaunchScreen.xib;
			sourceTree = "<group>";
		};
		7FD9092A1BB0192500E2DC77 /* Main.storyboard */ = {
			isa = PBXVariantGroup;
			children = (
				7FD9092B1BB0192500E2DC77 /* Base */,
			);
			name = Main.storyboard;
			sourceTree = "<group>";
		};
		7FD9092F1BB0192500E2DC77 /* LaunchScreen.storyboard */ = {
			isa = PBXVariantGroup;
			children = (
				7FD909301BB0192500E2DC77 /* Base */,
			);
			name = LaunchScreen.storyboard;
			sourceTree = "<group>";
		};
/* End PBXVariantGroup section */

/* Begin XCBuildConfiguration section */
		7F8C19331BA7CE9600282C3F /* Debug */ = {
			isa = XCBuildConfiguration;
			buildSettings = {
				ALWAYS_SEARCH_USER_PATHS = NO;
				CLANG_CXX_LANGUAGE_STANDARD = "gnu++0x";
				CLANG_CXX_LIBRARY = "libc++";
				CLANG_ENABLE_MODULES = YES;
				CLANG_ENABLE_OBJC_ARC = YES;
				CLANG_WARN_BOOL_CONVERSION = YES;
				CLANG_WARN_CONSTANT_CONVERSION = YES;
				CLANG_WARN_DIRECT_OBJC_ISA_USAGE = YES_ERROR;
				CLANG_WARN_EMPTY_BODY = YES;
				CLANG_WARN_ENUM_CONVERSION = YES;
				CLANG_WARN_INT_CONVERSION = YES;
				CLANG_WARN_OBJC_ROOT_CLASS = YES_ERROR;
				CLANG_WARN_UNREACHABLE_CODE = YES;
				CLANG_WARN__DUPLICATE_METHOD_MATCH = YES;
				"CODE_SIGN_IDENTITY[sdk=iphoneos*]" = "iPhone Developer";
				COPY_PHASE_STRIP = NO;
				DEBUG_INFORMATION_FORMAT = "dwarf-with-dsym";
				ENABLE_STRICT_OBJC_MSGSEND = YES;
				GCC_C_LANGUAGE_STANDARD = gnu99;
				GCC_DYNAMIC_NO_PIC = NO;
				GCC_NO_COMMON_BLOCKS = YES;
				GCC_OPTIMIZATION_LEVEL = 0;
				GCC_PREPROCESSOR_DEFINITIONS = (
					"DEBUG=1",
					"$(inherited)",
				);
				GCC_SYMBOLS_PRIVATE_EXTERN = NO;
				GCC_WARN_64_TO_32_BIT_CONVERSION = YES;
				GCC_WARN_ABOUT_RETURN_TYPE = YES_ERROR;
				GCC_WARN_UNDECLARED_SELECTOR = YES;
				GCC_WARN_UNINITIALIZED_AUTOS = YES_AGGRESSIVE;
				GCC_WARN_UNUSED_FUNCTION = YES;
				GCC_WARN_UNUSED_VARIABLE = YES;
				IPHONEOS_DEPLOYMENT_TARGET = 8.4;
				MTL_ENABLE_DEBUG_INFO = YES;
				ONLY_ACTIVE_ARCH = YES;
				SDKROOT = iphoneos;
			};
			name = Debug;
		};
		7F8C19341BA7CE9600282C3F /* Release */ = {
			isa = XCBuildConfiguration;
			buildSettings = {
				ALWAYS_SEARCH_USER_PATHS = NO;
				CLANG_CXX_LANGUAGE_STANDARD = "gnu++0x";
				CLANG_CXX_LIBRARY = "libc++";
				CLANG_ENABLE_MODULES = YES;
				CLANG_ENABLE_OBJC_ARC = YES;
				CLANG_WARN_BOOL_CONVERSION = YES;
				CLANG_WARN_CONSTANT_CONVERSION = YES;
				CLANG_WARN_DIRECT_OBJC_ISA_USAGE = YES_ERROR;
				CLANG_WARN_EMPTY_BODY = YES;
				CLANG_WARN_ENUM_CONVERSION = YES;
				CLANG_WARN_INT_CONVERSION = YES;
				CLANG_WARN_OBJC_ROOT_CLASS = YES_ERROR;
				CLANG_WARN_UNREACHABLE_CODE = YES;
				CLANG_WARN__DUPLICATE_METHOD_MATCH = YES;
				"CODE_SIGN_IDENTITY[sdk=iphoneos*]" = "iPhone Developer";
				COPY_PHASE_STRIP = NO;
				DEBUG_INFORMATION_FORMAT = "dwarf-with-dsym";
				ENABLE_NS_ASSERTIONS = NO;
				ENABLE_STRICT_OBJC_MSGSEND = YES;
				GCC_C_LANGUAGE_STANDARD = gnu99;
				GCC_NO_COMMON_BLOCKS = YES;
				GCC_WARN_64_TO_32_BIT_CONVERSION = YES;
				GCC_WARN_ABOUT_RETURN_TYPE = YES_ERROR;
				GCC_WARN_UNDECLARED_SELECTOR = YES;
				GCC_WARN_UNINITIALIZED_AUTOS = YES_AGGRESSIVE;
				GCC_WARN_UNUSED_FUNCTION = YES;
				GCC_WARN_UNUSED_VARIABLE = YES;
				IPHONEOS_DEPLOYMENT_TARGET = 8.4;
				MTL_ENABLE_DEBUG_INFO = NO;
				SDKROOT = iphoneos;
				VALIDATE_PRODUCT = YES;
			};
			name = Release;
		};
		7F8C19361BA7CE9600282C3F /* Debug */ = {
			isa = XCBuildConfiguration;
			buildSettings = {
				ASSETCATALOG_COMPILER_APPICON_NAME = AppIcon;
				INFOPLIST_FILE = MultiplyThinkingForSister/Info.plist;
				LD_RUNPATH_SEARCH_PATHS = "$(inherited) @executable_path/Frameworks";
				PRODUCT_NAME = "$(TARGET_NAME)";
			};
			name = Debug;
		};
		7F8C19371BA7CE9600282C3F /* Release */ = {
			isa = XCBuildConfiguration;
			buildSettings = {
				ASSETCATALOG_COMPILER_APPICON_NAME = AppIcon;
				INFOPLIST_FILE = MultiplyThinkingForSister/Info.plist;
				LD_RUNPATH_SEARCH_PATHS = "$(inherited) @executable_path/Frameworks";
				PRODUCT_NAME = "$(TARGET_NAME)";
			};
			name = Release;
		};
		7F8C19391BA7CE9600282C3F /* Debug */ = {
			isa = XCBuildConfiguration;
			buildSettings = {
				BUNDLE_LOADER = "$(TEST_HOST)";
				FRAMEWORK_SEARCH_PATHS = (
					"$(SDKROOT)/Developer/Library/Frameworks",
					"$(inherited)",
				);
				GCC_PREPROCESSOR_DEFINITIONS = (
					"DEBUG=1",
					"$(inherited)",
				);
				INFOPLIST_FILE = MultiplyThinkingForSisterTests/Info.plist;
				LD_RUNPATH_SEARCH_PATHS = "$(inherited) @executable_path/Frameworks @loader_path/Frameworks";
				PRODUCT_NAME = "$(TARGET_NAME)";
				TEST_HOST = "$(BUILT_PRODUCTS_DIR)/MultiplyThinkingForSister.app/MultiplyThinkingForSister";
			};
			name = Debug;
		};
		7F8C193A1BA7CE9600282C3F /* Release */ = {
			isa = XCBuildConfiguration;
			buildSettings = {
				BUNDLE_LOADER = "$(TEST_HOST)";
				FRAMEWORK_SEARCH_PATHS = (
					"$(SDKROOT)/Developer/Library/Frameworks",
					"$(inherited)",
				);
				INFOPLIST_FILE = MultiplyThinkingForSisterTests/Info.plist;
				LD_RUNPATH_SEARCH_PATHS = "$(inherited) @executable_path/Frameworks @loader_path/Frameworks";
				PRODUCT_NAME = "$(TARGET_NAME)";
				TEST_HOST = "$(BUILT_PRODUCTS_DIR)/MultiplyThinkingForSister.app/MultiplyThinkingForSister";
			};
			name = Release;
		};
		7FD480B11BAA292C0020DADC /* Debug */ = {
			isa = XCBuildConfiguration;
			buildSettings = {
				ASSETCATALOG_COMPILER_APPICON_NAME = AppIcon;
				GCC_PREPROCESSOR_DEFINITIONS = (
					"DEBUG=1",
					"$(inherited)",
				);
				INFOPLIST_FILE = "KVO和NSNotification的区别与联系/Info.plist";
				LD_RUNPATH_SEARCH_PATHS = "$(inherited) @executable_path/Frameworks";
				PRODUCT_NAME = "$(TARGET_NAME)";
			};
			name = Debug;
		};
		7FD480B21BAA292C0020DADC /* Release */ = {
			isa = XCBuildConfiguration;
			buildSettings = {
				ASSETCATALOG_COMPILER_APPICON_NAME = AppIcon;
				INFOPLIST_FILE = "KVO和NSNotification的区别与联系/Info.plist";
				LD_RUNPATH_SEARCH_PATHS = "$(inherited) @executable_path/Frameworks";
				PRODUCT_NAME = "$(TARGET_NAME)";
			};
			name = Release;
		};
		7FD480B41BAA292C0020DADC /* Debug */ = {
			isa = XCBuildConfiguration;
			buildSettings = {
				BUNDLE_LOADER = "$(TEST_HOST)";
				FRAMEWORK_SEARCH_PATHS = (
					"$(SDKROOT)/Developer/Library/Frameworks",
					"$(inherited)",
				);
				GCC_PREPROCESSOR_DEFINITIONS = (
					"DEBUG=1",
					"$(inherited)",
				);
				INFOPLIST_FILE = "KVO和NSNotification的区别与联系Tests/Info.plist";
				LD_RUNPATH_SEARCH_PATHS = "$(inherited) @executable_path/Frameworks @loader_path/Frameworks";
				PRODUCT_NAME = "$(TARGET_NAME)";
				TEST_HOST = "$(BUILT_PRODUCTS_DIR)/KVO和NSNotification的区别与联系.app/KVO和NSNotification的区别与联系";
			};
			name = Debug;
		};
		7FD480B51BAA292C0020DADC /* Release */ = {
			isa = XCBuildConfiguration;
			buildSettings = {
				BUNDLE_LOADER = "$(TEST_HOST)";
				FRAMEWORK_SEARCH_PATHS = (
					"$(SDKROOT)/Developer/Library/Frameworks",
					"$(inherited)",
				);
				INFOPLIST_FILE = "KVO和NSNotification的区别与联系Tests/Info.plist";
				LD_RUNPATH_SEARCH_PATHS = "$(inherited) @executable_path/Frameworks @loader_path/Frameworks";
				PRODUCT_NAME = "$(TARGET_NAME)";
				TEST_HOST = "$(BUILT_PRODUCTS_DIR)/KVO和NSNotification的区别与联系.app/KVO和NSNotification的区别与联系";
			};
			name = Release;
		};
		7FD909331BB0192500E2DC77 /* Debug */ = {
			isa = XCBuildConfiguration;
			buildSettings = {
				ASSETCATALOG_COMPILER_APPICON_NAME = AppIcon;
				DEBUG_INFORMATION_FORMAT = dwarf;
				ENABLE_TESTABILITY = YES;
				INFOPLIST_FILE = "面试题_interviewExaming/Info.plist";
				IPHONEOS_DEPLOYMENT_TARGET = 9.0;
				LD_RUNPATH_SEARCH_PATHS = "$(inherited) @executable_path/Frameworks";
				PRODUCT_BUNDLE_IDENTIFIER = "com.baidu.----interviewExaming";
				PRODUCT_NAME = "$(TARGET_NAME)";
			};
			name = Debug;
		};
		7FD909341BB0192500E2DC77 /* Release */ = {
			isa = XCBuildConfiguration;
			buildSettings = {
				ASSETCATALOG_COMPILER_APPICON_NAME = AppIcon;
				INFOPLIST_FILE = "面试题_interviewExaming/Info.plist";
				IPHONEOS_DEPLOYMENT_TARGET = 9.0;
				LD_RUNPATH_SEARCH_PATHS = "$(inherited) @executable_path/Frameworks";
				PRODUCT_BUNDLE_IDENTIFIER = "com.baidu.----interviewExaming";
				PRODUCT_NAME = "$(TARGET_NAME)";
			};
			name = Release;
		};
/* End XCBuildConfiguration section */

/* Begin XCConfigurationList section */
		7F8C190D1BA7CE9600282C3F /* Build configuration list for PBXProject "MultiplyThinkingForSister" */ = {
			isa = XCConfigurationList;
			buildConfigurations = (
				7F8C19331BA7CE9600282C3F /* Debug */,
				7F8C19341BA7CE9600282C3F /* Release */,
			);
			defaultConfigurationIsVisible = 0;
			defaultConfigurationName = Release;
		};
		7F8C19351BA7CE9600282C3F /* Build configuration list for PBXNativeTarget "MultiplyThinkingForSister" */ = {
			isa = XCConfigurationList;
			buildConfigurations = (
				7F8C19361BA7CE9600282C3F /* Debug */,
				7F8C19371BA7CE9600282C3F /* Release */,
			);
			defaultConfigurationIsVisible = 0;
			defaultConfigurationName = Release;
		};
		7F8C19381BA7CE9600282C3F /* Build configuration list for PBXNativeTarget "MultiplyThinkingForSisterTests" */ = {
			isa = XCConfigurationList;
			buildConfigurations = (
				7F8C19391BA7CE9600282C3F /* Debug */,
				7F8C193A1BA7CE9600282C3F /* Release */,
			);
			defaultConfigurationIsVisible = 0;
			defaultConfigurationName = Release;
		};
		7FD480B01BAA292C0020DADC /* Build configuration list for PBXNativeTarget "KVO和NSNotification的区别与联系" */ = {
			isa = XCConfigurationList;
			buildConfigurations = (
				7FD480B11BAA292C0020DADC /* Debug */,
				7FD480B21BAA292C0020DADC /* Release */,
			);
			defaultConfigurationIsVisible = 0;
			defaultConfigurationName = Release;
		};
		7FD480B31BAA292C0020DADC /* Build configuration list for PBXNativeTarget "KVO和NSNotification的区别与联系Tests" */ = {
			isa = XCConfigurationList;
			buildConfigurations = (
				7FD480B41BAA292C0020DADC /* Debug */,
				7FD480B51BAA292C0020DADC /* Release */,
			);
			defaultConfigurationIsVisible = 0;
			defaultConfigurationName = Release;
		};
		7FD909351BB0192500E2DC77 /* Build configuration list for PBXNativeTarget "面试题_interviewExaming" */ = {
			isa = XCConfigurationList;
			buildConfigurations = (
				7FD909331BB0192500E2DC77 /* Debug */,
				7FD909341BB0192500E2DC77 /* Release */,
			);
			defaultConfigurationIsVisible = 0;
		};
/* End XCConfigurationList section */
	};
	rootObject = 7F8C190A1BA7CE9600282C3F /* Project object */;
}
